
Microsoft Visual Studio Solution File, Format Version 12.00
# Visual Studio Version 17
VisualStudioVersion = 17.11.35303.130
MinimumVisualStudioVersion = 10.0.40219.1
Project("{FAE04EC0-301F-11D3-BF4B-00C04F79EFBC}") = "Gamalier12", "Gamalier12.csproj", "{14A4E912-34CA-4752-AF2E-2DFBB7904010}"
EndProject
Global
	GlobalSection(SolutionConfigurationPlatforms) = preSolution
		Debug|Any CPU = Debug|Any CPU
		Release|Any CPU = Release|Any CPU
	EndGlobalSection
	GlobalSection(ProjectConfigurationPlatforms) = postSolution
		{14A4E912-34CA-4752-AF2E-2DFBB7904010}.Debug|Any CPU.ActiveCfg = Debug|Any CPU
		{14A4E912-34CA-4752-AF2E-2DFBB7904010}.Debug|Any CPU.Build.0 = Debug|Any CPU
		{14A4E912-34CA-4752-AF2E-2DFBB7904010}.Release|Any CPU.ActiveCfg = Release|Any CPU
		{14A4E912-34CA-4752-AF2E-2DFBB7904010}.Release|Any CPU.Build.0 = Release|Any CPU
	EndGlobalSection
	GlobalSection(SolutionProperties) = preSolution
		HideSolutionNode = FALSE
	EndGlobalSection
	GlobalSection(ExtensibilityGlobals) = postSolution
		SolutionGuid = {E45A307C-A214-4BE6-833C-AABF58E0505C}
	EndGlobalSection
EndGlobal
