
Microsoft Visual Studio Solution File, Format Version 12.00
# Visual Studio Version 17
VisualStudioVersion = 17.11.35303.130
MinimumVisualStudioVersion = 10.0.40219.1
Project("{FAE04EC0-301F-11D3-BF4B-00C04F79EFBC}") = "Gamalier11", "Gamalier11.csproj", "{EE071E9E-616F-4D26-859F-F0DA56320F77}"
EndProject
Global
	GlobalSection(SolutionConfigurationPlatforms) = preSolution
		Debug|Any CPU = Debug|Any CPU
		Release|Any CPU = Release|Any CPU
	EndGlobalSection
	GlobalSection(ProjectConfigurationPlatforms) = postSolution
		{EE071E9E-616F-4D26-859F-F0DA56320F77}.Debug|Any CPU.ActiveCfg = Debug|Any CPU
		{EE071E9E-616F-4D26-859F-F0DA56320F77}.Debug|Any CPU.Build.0 = Debug|Any CPU
		{EE071E9E-616F-4D26-859F-F0DA56320F77}.Release|Any CPU.ActiveCfg = Release|Any CPU
		{EE071E9E-616F-4D26-859F-F0DA56320F77}.Release|Any CPU.Build.0 = Release|Any CPU
	EndGlobalSection
	GlobalSection(SolutionProperties) = preSolution
		HideSolutionNode = FALSE
	EndGlobalSection
	GlobalSection(ExtensibilityGlobals) = postSolution
		SolutionGuid = {38577DCC-FBA4-4C3E-ACAE-208DEBDE6314}
	EndGlobalSection
EndGlobal
