
Microsoft Visual Studio Solution File, Format Version 12.00
# Visual Studio Version 17
VisualStudioVersion = 17.11.35219.272
MinimumVisualStudioVersion = 10.0.40219.1
Project("{FAE04EC0-301F-11D3-BF4B-00C04F79EFBC}") = "Gestion de Reservas", "Gestion de Reservas.csproj", "{A15278B9-BC4D-4888-BE8E-9CBEDD01641B}"
EndProject
Global
	GlobalSection(SolutionConfigurationPlatforms) = preSolution
		Debug|Any CPU = Debug|Any CPU
		Release|Any CPU = Release|Any CPU
	EndGlobalSection
	GlobalSection(ProjectConfigurationPlatforms) = postSolution
		{A15278B9-BC4D-4888-BE8E-9CBEDD01641B}.Debug|Any CPU.ActiveCfg = Debug|Any CPU
		{A15278B9-BC4D-4888-BE8E-9CBEDD01641B}.Debug|Any CPU.Build.0 = Debug|Any CPU
		{A15278B9-BC4D-4888-BE8E-9CBEDD01641B}.Release|Any CPU.ActiveCfg = Release|Any CPU
		{A15278B9-BC4D-4888-BE8E-9CBEDD01641B}.Release|Any CPU.Build.0 = Release|Any CPU
	EndGlobalSection
	GlobalSection(SolutionProperties) = preSolution
		HideSolutionNode = FALSE
	EndGlobalSection
	GlobalSection(ExtensibilityGlobals) = postSolution
		SolutionGuid = {9057771F-59A0-4F69-894C-CD016FBB2D5D}
	EndGlobalSection
EndGlobal
