
Microsoft Visual Studio Solution File, Format Version 12.00
# Visual Studio Version 17
VisualStudioVersion = 17.11.35327.3
MinimumVisualStudioVersion = 10.0.40219.1
Project("{FAE04EC0-301F-11D3-BF4B-00C04F79EFBC}") = "Ejercicio 5", "Ejercicio 5.csproj", "{A9C40C82-0EB4-49F4-B4AB-D021081C29BB}"
EndProject
Global
	GlobalSection(SolutionConfigurationPlatforms) = preSolution
		Debug|Any CPU = Debug|Any CPU
		Release|Any CPU = Release|Any CPU
	EndGlobalSection
	GlobalSection(ProjectConfigurationPlatforms) = postSolution
		{A9C40C82-0EB4-49F4-B4AB-D021081C29BB}.Debug|Any CPU.ActiveCfg = Debug|Any CPU
		{A9C40C82-0EB4-49F4-B4AB-D021081C29BB}.Debug|Any CPU.Build.0 = Debug|Any CPU
		{A9C40C82-0EB4-49F4-B4AB-D021081C29BB}.Release|Any CPU.ActiveCfg = Release|Any CPU
		{A9C40C82-0EB4-49F4-B4AB-D021081C29BB}.Release|Any CPU.Build.0 = Release|Any CPU
	EndGlobalSection
	GlobalSection(SolutionProperties) = preSolution
		HideSolutionNode = FALSE
	EndGlobalSection
	GlobalSection(ExtensibilityGlobals) = postSolution
		SolutionGuid = {4B13A7A0-FA5D-411D-B21A-4E9F2A092E59}
	EndGlobalSection
EndGlobal
