
Microsoft Visual Studio Solution File, Format Version 12.00
# Visual Studio Version 17
VisualStudioVersion = 17.11.35303.130
MinimumVisualStudioVersion = 10.0.40219.1
Project("{FAE04EC0-301F-11D3-BF4B-00C04F79EFBC}") = "Gamalier2", "Gamalier2\Gamalier2.csproj", "{7473AF3A-671D-4112-BF8F-3531F01B4F19}"
EndProject
Global
	GlobalSection(SolutionConfigurationPlatforms) = preSolution
		Debug|Any CPU = Debug|Any CPU
		Release|Any CPU = Release|Any CPU
	EndGlobalSection
	GlobalSection(ProjectConfigurationPlatforms) = postSolution
		{7473AF3A-671D-4112-BF8F-3531F01B4F19}.Debug|Any CPU.ActiveCfg = Debug|Any CPU
		{7473AF3A-671D-4112-BF8F-3531F01B4F19}.Debug|Any CPU.Build.0 = Debug|Any CPU
		{7473AF3A-671D-4112-BF8F-3531F01B4F19}.Release|Any CPU.ActiveCfg = Release|Any CPU
		{7473AF3A-671D-4112-BF8F-3531F01B4F19}.Release|Any CPU.Build.0 = Release|Any CPU
	EndGlobalSection
	GlobalSection(SolutionProperties) = preSolution
		HideSolutionNode = FALSE
	EndGlobalSection
	GlobalSection(ExtensibilityGlobals) = postSolution
		SolutionGuid = {10626CCF-100F-4722-B05F-39116840BCC0}
	EndGlobalSection
EndGlobal
