
Microsoft Visual Studio Solution File, Format Version 12.00
# Visual Studio Version 17
VisualStudioVersion = 17.11.35327.3
MinimumVisualStudioVersion = 10.0.40219.1
Project("{FAE04EC0-301F-11D3-BF4B-00C04F79EFBC}") = "Ejercicio_28-10-2024", "Ejercicio_28-10-2024.csproj", "{B2BDBBB0-AB07-4C5E-972A-8290DC9DD688}"
EndProject
Global
	GlobalSection(SolutionConfigurationPlatforms) = preSolution
		Debug|Any CPU = Debug|Any CPU
		Release|Any CPU = Release|Any CPU
	EndGlobalSection
	GlobalSection(ProjectConfigurationPlatforms) = postSolution
		{B2BDBBB0-AB07-4C5E-972A-8290DC9DD688}.Debug|Any CPU.ActiveCfg = Debug|Any CPU
		{B2BDBBB0-AB07-4C5E-972A-8290DC9DD688}.Debug|Any CPU.Build.0 = Debug|Any CPU
		{B2BDBBB0-AB07-4C5E-972A-8290DC9DD688}.Release|Any CPU.ActiveCfg = Release|Any CPU
		{B2BDBBB0-AB07-4C5E-972A-8290DC9DD688}.Release|Any CPU.Build.0 = Release|Any CPU
	EndGlobalSection
	GlobalSection(SolutionProperties) = preSolution
		HideSolutionNode = FALSE
	EndGlobalSection
	GlobalSection(ExtensibilityGlobals) = postSolution
		SolutionGuid = {5813301F-C37C-462B-95E5-3A1B3C30119E}
	EndGlobalSection
EndGlobal
