
Microsoft Visual Studio Solution File, Format Version 12.00
# Visual Studio Version 17
VisualStudioVersion = 17.11.35219.272
MinimumVisualStudioVersion = 10.0.40219.1
Project("{FAE04EC0-301F-11D3-BF4B-00C04F79EFBC}") = "02-GUI", "02-GUI.csproj", "{A121DAA2-E2FC-4A6D-AE27-E32300FAADB5}"
EndProject
Global
	GlobalSection(SolutionConfigurationPlatforms) = preSolution
		Debug|Any CPU = Debug|Any CPU
		Release|Any CPU = Release|Any CPU
	EndGlobalSection
	GlobalSection(ProjectConfigurationPlatforms) = postSolution
		{A121DAA2-E2FC-4A6D-AE27-E32300FAADB5}.Debug|Any CPU.ActiveCfg = Debug|Any CPU
		{A121DAA2-E2FC-4A6D-AE27-E32300FAADB5}.Debug|Any CPU.Build.0 = Debug|Any CPU
		{A121DAA2-E2FC-4A6D-AE27-E32300FAADB5}.Release|Any CPU.ActiveCfg = Release|Any CPU
		{A121DAA2-E2FC-4A6D-AE27-E32300FAADB5}.Release|Any CPU.Build.0 = Release|Any CPU
	EndGlobalSection
	GlobalSection(SolutionProperties) = preSolution
		HideSolutionNode = FALSE
	EndGlobalSection
	GlobalSection(ExtensibilityGlobals) = postSolution
		SolutionGuid = {2236697E-C868-4CF4-A7E7-34458BCBB814}
	EndGlobalSection
EndGlobal
