
Microsoft Visual Studio Solution File, Format Version 12.00
# Visual Studio Version 17
VisualStudioVersion = 17.11.35303.130
MinimumVisualStudioVersion = 10.0.40219.1
Project("{FAE04EC0-301F-11D3-BF4B-00C04F79EFBC}") = "Gamalier8", "Gamalier8.csproj", "{ACA4A85B-91B1-4B2F-82F7-E8E9EC8087FB}"
EndProject
Global
	GlobalSection(SolutionConfigurationPlatforms) = preSolution
		Debug|Any CPU = Debug|Any CPU
		Release|Any CPU = Release|Any CPU
	EndGlobalSection
	GlobalSection(ProjectConfigurationPlatforms) = postSolution
		{ACA4A85B-91B1-4B2F-82F7-E8E9EC8087FB}.Debug|Any CPU.ActiveCfg = Debug|Any CPU
		{ACA4A85B-91B1-4B2F-82F7-E8E9EC8087FB}.Debug|Any CPU.Build.0 = Debug|Any CPU
		{ACA4A85B-91B1-4B2F-82F7-E8E9EC8087FB}.Release|Any CPU.ActiveCfg = Release|Any CPU
		{ACA4A85B-91B1-4B2F-82F7-E8E9EC8087FB}.Release|Any CPU.Build.0 = Release|Any CPU
	EndGlobalSection
	GlobalSection(SolutionProperties) = preSolution
		HideSolutionNode = FALSE
	EndGlobalSection
	GlobalSection(ExtensibilityGlobals) = postSolution
		SolutionGuid = {8312D626-D53B-4194-8995-2E39951D4459}
	EndGlobalSection
EndGlobal
